
Microsoft Visual Studio Solution File, Format Version 12.00
# Visual Studio Version 17
VisualStudioVersion = 17.0.32112.339
MinimumVisualStudioVersion = 10.0.40219.1
Project("{2150E333-8FDC-42A3-9474-1A3956D46DE8}") = "Mediator", "Mediator", "{84210497-B9CC-4D98-A2ED-DE771E49AED5}"
	ProjectSection(SolutionItems) = preProject
		Mediator.md = Mediator.md
	EndProjectSection
EndProject
Project("{FAE04EC0-301F-11D3-BF4B-00C04F79EFBC}") = "Mediator", "Mediator\Mediator.csproj", "{3297D8C0-336D-4FCE-9BEE-4E81CDD8DDA8}"
EndProject
Project("{FAE04EC0-301F-11D3-BF4B-00C04F79EFBC}") = "MediatorUnitTests", "MediatorUnitTests\MediatorUnitTests.csproj", "{272DAC8C-38FB-43EA-A855-93D05CF28BDB}"
EndProject
Global
	GlobalSection(SolutionConfigurationPlatforms) = preSolution
		Debug|Any CPU = Debug|Any CPU
		Release|Any CPU = Release|Any CPU
	EndGlobalSection
	GlobalSection(ProjectConfigurationPlatforms) = postSolution
		{3297D8C0-336D-4FCE-9BEE-4E81CDD8DDA8}.Debug|Any CPU.ActiveCfg = Debug|Any CPU
		{3297D8C0-336D-4FCE-9BEE-4E81CDD8DDA8}.Debug|Any CPU.Build.0 = Debug|Any CPU
		{3297D8C0-336D-4FCE-9BEE-4E81CDD8DDA8}.Release|Any CPU.ActiveCfg = Release|Any CPU
		{3297D8C0-336D-4FCE-9BEE-4E81CDD8DDA8}.Release|Any CPU.Build.0 = Release|Any CPU
		{272DAC8C-38FB-43EA-A855-93D05CF28BDB}.Debug|Any CPU.ActiveCfg = Debug|Any CPU
		{272DAC8C-38FB-43EA-A855-93D05CF28BDB}.Debug|Any CPU.Build.0 = Debug|Any CPU
		{272DAC8C-38FB-43EA-A855-93D05CF28BDB}.Release|Any CPU.ActiveCfg = Release|Any CPU
		{272DAC8C-38FB-43EA-A855-93D05CF28BDB}.Release|Any CPU.Build.0 = Release|Any CPU
	EndGlobalSection
	GlobalSection(SolutionProperties) = preSolution
		HideSolutionNode = FALSE
	EndGlobalSection
	GlobalSection(NestedProjects) = preSolution
		{3297D8C0-336D-4FCE-9BEE-4E81CDD8DDA8} = {84210497-B9CC-4D98-A2ED-DE771E49AED5}
		{272DAC8C-38FB-43EA-A855-93D05CF28BDB} = {84210497-B9CC-4D98-A2ED-DE771E49AED5}
	EndGlobalSection
	GlobalSection(ExtensibilityGlobals) = postSolution
		SolutionGuid = {571DA0C6-A6F1-4CBE-AD30-58EBE49CD9DD}
	EndGlobalSection
EndGlobal
