
Microsoft Visual Studio Solution File, Format Version 12.00
# Visual Studio Version 17
VisualStudioVersion = 17.0.32112.339
MinimumVisualStudioVersion = 10.0.40219.1
Project("{2150E333-8FDC-42A3-9474-1A3956D46DE8}") = "Mediator", "Mediator", "{84210497-B9CC-4D98-A2ED-DE771E49AED5}"
EndProject
Project("{9A19103F-16F7-4668-BE54-9A1E7A4F7556}") = "Mediator", "Mediator\Mediator.csproj", "{3297D8C0-336D-4FCE-9BEE-4E81CDD8DDA8}"
EndProject
Project("{9A19103F-16F7-4668-BE54-9A1E7A4F7556}") = "MediatorUnitTests", "MediatorUnitTests\MediatorUnitTests.csproj", "{272DAC8C-38FB-43EA-A855-93D05CF28BDB}"
EndProject
Project("{2150E333-8FDC-42A3-9474-1A3956D46DE8}") = "Prototype", "Prototype", "{896F770C-6E67-4E44-9113-FDF7A7F38439}"
EndProject
Project("{2150E333-8FDC-42A3-9474-1A3956D46DE8}") = "Builder", "Builder", "{9F2606EB-19FB-40FA-8BFC-F50FB20F24DD}"
EndProject
Project("{2150E333-8FDC-42A3-9474-1A3956D46DE8}") = "Bridge", "Bridge", "{66CE9721-AF46-4C95-B16E-49E5B3A37ED2}"
EndProject
Project("{2150E333-8FDC-42A3-9474-1A3956D46DE8}") = "Flyweight", "Flyweight", "{F31781C3-A410-44CE-AF90-0E8B9FC9189E}"
EndProject
Project("{2150E333-8FDC-42A3-9474-1A3956D46DE8}") = "Facade", "Facade", "{0EDE4EBE-0248-4428-9080-42BAA25AE6EE}"
EndProject
Project("{2150E333-8FDC-42A3-9474-1A3956D46DE8}") = "Proxy", "Proxy", "{DFD30C76-0FCD-4827-A8C0-B9127C9FFC17}"
EndProject
Project("{2150E333-8FDC-42A3-9474-1A3956D46DE8}") = "ChainOfResponsibility", "ChainOfResponsibility", "{228ED45F-BCA6-4AC0-9A91-C66BDC10B1EC}"
EndProject
Project("{2150E333-8FDC-42A3-9474-1A3956D46DE8}") = "Command", "Command", "{44F2C1E4-9227-413E-A298-F53BBD18B5F0}"
EndProject
Project("{2150E333-8FDC-42A3-9474-1A3956D46DE8}") = "Iterator", "Iterator", "{D9691E87-C38D-438E-8F78-115745965C70}"
EndProject
Project("{2150E333-8FDC-42A3-9474-1A3956D46DE8}") = "Memento", "Memento", "{06379F80-E607-4C50-A865-12AB28F10735}"
EndProject
Project("{2150E333-8FDC-42A3-9474-1A3956D46DE8}") = "Observer", "Observer", "{DA7B6C12-E2E3-4955-A876-FB39EB8DBF5F}"
EndProject
Project("{2150E333-8FDC-42A3-9474-1A3956D46DE8}") = "State", "State", "{989C0FB8-E5E8-4518-B844-5E8FAD3372D6}"
EndProject
Project("{2150E333-8FDC-42A3-9474-1A3956D46DE8}") = "Visitor", "Visitor", "{B48D35C2-493C-48DE-9633-7990BC23590B}"
EndProject
Project("{2150E333-8FDC-42A3-9474-1A3956D46DE8}") = "TemplateMethod", "TemplateMethod", "{C1BA2610-B2DB-454B-8931-6550A5E787E1}"
EndProject
Project("{9A19103F-16F7-4668-BE54-9A1E7A4F7556}") = "Visitor", "Visitor\Visitor.csproj", "{037B6540-8D1C-43CF-B70D-BEF2D716BEDE}"
EndProject
Project("{9A19103F-16F7-4668-BE54-9A1E7A4F7556}") = "VisitorTest", "VisitorTest\VisitorTest.csproj", "{4DE4B94D-5E4A-482C-AEA9-86ED67243596}"
EndProject
Project("{9A19103F-16F7-4668-BE54-9A1E7A4F7556}") = "State", "State\State.csproj", "{F85B608F-1AF4-4CB1-9549-8896994AEEAE}"
EndProject
Project("{9A19103F-16F7-4668-BE54-9A1E7A4F7556}") = "StateTest", "StateTest\StateTest.csproj", "{2C1C8C24-561A-4653-B265-F803DD7A8EF2}"
EndProject
Project("{9A19103F-16F7-4668-BE54-9A1E7A4F7556}") = "Prototype", "Prototype\Prototype.csproj", "{94C28924-62A4-477F-838F-6798209CBA93}"
EndProject
Project("{9A19103F-16F7-4668-BE54-9A1E7A4F7556}") = "PrototypeUnitTests", "PrototypeUnitTests\PrototypeUnitTests.csproj", "{9B0FB5B7-EDDE-458B-9CB4-54530E4AB6CE}"
EndProject
Project("{9A19103F-16F7-4668-BE54-9A1E7A4F7556}") = "Observer", "Observer\Observer.csproj", "{AC921645-45A9-4966-A5F5-2E45C20D4A0D}"
EndProject
Project("{9A19103F-16F7-4668-BE54-9A1E7A4F7556}") = "ObserverUnitTests", "ObserverUnitTests\ObserverUnitTests.csproj", "{2B956636-235C-49CF-B9DA-31F361215D76}"
EndProject
Project("{9A19103F-16F7-4668-BE54-9A1E7A4F7556}") = "Proxy", "Proxy\Proxy.csproj", "{92F2AADE-6465-4DBC-8B21-F8E711F82656}"
EndProject
Project("{9A19103F-16F7-4668-BE54-9A1E7A4F7556}") = "ProxyUnitTests", "ProxyUnitTests\ProxyUnitTests.csproj", "{190CDF4E-A86D-4F51-9414-4EB0C666AF5D}"
EndProject

Project("{FAE04EC0-301F-11D3-BF4B-00C04F79EFBC}") = "Memento", "Memento\Memento.csproj", "{9FF73D70-35E3-4A4D-9DE5-045E695471E5}"
EndProject
Project("{FAE04EC0-301F-11D3-BF4B-00C04F79EFBC}") = "MementoUnitTest", "MementoUnitTest\MementoUnitTest.csproj", "{E7AD060C-F170-4176-8025-B41A5C14816F}"
	ProjectSection(ProjectDependencies) = postProject
		{9FF73D70-35E3-4A4D-9DE5-045E695471E5} = {9FF73D70-35E3-4A4D-9DE5-045E695471E5}
	EndProjectSection

Project("{9A19103F-16F7-4668-BE54-9A1E7A4F7556}") = "Facade", "Facade\Facade.csproj", "{329BD3CD-DBC9-44AF-A15F-4083263035DD}"
EndProject
Project("{9A19103F-16F7-4668-BE54-9A1E7A4F7556}") = "FacadeUnitTest", "FacadeUnitTest\FacadeUnitTest.csproj", "{B002B8A0-16FA-44B2-A860-B7E11C1BA45B}"

EndProject
Global
	GlobalSection(SolutionConfigurationPlatforms) = preSolution
		Debug|Any CPU = Debug|Any CPU
		Release|Any CPU = Release|Any CPU
	EndGlobalSection
	GlobalSection(ProjectConfigurationPlatforms) = postSolution
		{3297D8C0-336D-4FCE-9BEE-4E81CDD8DDA8}.Debug|Any CPU.ActiveCfg = Debug|Any CPU
		{3297D8C0-336D-4FCE-9BEE-4E81CDD8DDA8}.Debug|Any CPU.Build.0 = Debug|Any CPU
		{3297D8C0-336D-4FCE-9BEE-4E81CDD8DDA8}.Release|Any CPU.ActiveCfg = Release|Any CPU
		{3297D8C0-336D-4FCE-9BEE-4E81CDD8DDA8}.Release|Any CPU.Build.0 = Release|Any CPU
		{272DAC8C-38FB-43EA-A855-93D05CF28BDB}.Debug|Any CPU.ActiveCfg = Debug|Any CPU
		{272DAC8C-38FB-43EA-A855-93D05CF28BDB}.Debug|Any CPU.Build.0 = Debug|Any CPU
		{272DAC8C-38FB-43EA-A855-93D05CF28BDB}.Release|Any CPU.ActiveCfg = Release|Any CPU
		{272DAC8C-38FB-43EA-A855-93D05CF28BDB}.Release|Any CPU.Build.0 = Release|Any CPU
		{037B6540-8D1C-43CF-B70D-BEF2D716BEDE}.Debug|Any CPU.ActiveCfg = Debug|Any CPU
		{037B6540-8D1C-43CF-B70D-BEF2D716BEDE}.Debug|Any CPU.Build.0 = Debug|Any CPU
		{037B6540-8D1C-43CF-B70D-BEF2D716BEDE}.Release|Any CPU.ActiveCfg = Release|Any CPU
		{037B6540-8D1C-43CF-B70D-BEF2D716BEDE}.Release|Any CPU.Build.0 = Release|Any CPU
		{4DE4B94D-5E4A-482C-AEA9-86ED67243596}.Debug|Any CPU.ActiveCfg = Debug|Any CPU
		{4DE4B94D-5E4A-482C-AEA9-86ED67243596}.Debug|Any CPU.Build.0 = Debug|Any CPU
		{4DE4B94D-5E4A-482C-AEA9-86ED67243596}.Release|Any CPU.ActiveCfg = Release|Any CPU
		{4DE4B94D-5E4A-482C-AEA9-86ED67243596}.Release|Any CPU.Build.0 = Release|Any CPU
		{F85B608F-1AF4-4CB1-9549-8896994AEEAE}.Debug|Any CPU.ActiveCfg = Debug|Any CPU
		{F85B608F-1AF4-4CB1-9549-8896994AEEAE}.Debug|Any CPU.Build.0 = Debug|Any CPU
		{F85B608F-1AF4-4CB1-9549-8896994AEEAE}.Release|Any CPU.ActiveCfg = Release|Any CPU
		{F85B608F-1AF4-4CB1-9549-8896994AEEAE}.Release|Any CPU.Build.0 = Release|Any CPU
		{2C1C8C24-561A-4653-B265-F803DD7A8EF2}.Debug|Any CPU.ActiveCfg = Debug|Any CPU
		{2C1C8C24-561A-4653-B265-F803DD7A8EF2}.Debug|Any CPU.Build.0 = Debug|Any CPU
		{2C1C8C24-561A-4653-B265-F803DD7A8EF2}.Release|Any CPU.ActiveCfg = Release|Any CPU
		{2C1C8C24-561A-4653-B265-F803DD7A8EF2}.Release|Any CPU.Build.0 = Release|Any CPU
		{94C28924-62A4-477F-838F-6798209CBA93}.Debug|Any CPU.ActiveCfg = Debug|Any CPU
		{94C28924-62A4-477F-838F-6798209CBA93}.Debug|Any CPU.Build.0 = Debug|Any CPU
		{94C28924-62A4-477F-838F-6798209CBA93}.Release|Any CPU.ActiveCfg = Release|Any CPU
		{94C28924-62A4-477F-838F-6798209CBA93}.Release|Any CPU.Build.0 = Release|Any CPU
		{9B0FB5B7-EDDE-458B-9CB4-54530E4AB6CE}.Debug|Any CPU.ActiveCfg = Debug|Any CPU
		{9B0FB5B7-EDDE-458B-9CB4-54530E4AB6CE}.Debug|Any CPU.Build.0 = Debug|Any CPU
		{9B0FB5B7-EDDE-458B-9CB4-54530E4AB6CE}.Release|Any CPU.ActiveCfg = Release|Any CPU
		{9B0FB5B7-EDDE-458B-9CB4-54530E4AB6CE}.Release|Any CPU.Build.0 = Release|Any CPU
		{AC921645-45A9-4966-A5F5-2E45C20D4A0D}.Debug|Any CPU.ActiveCfg = Debug|Any CPU
		{AC921645-45A9-4966-A5F5-2E45C20D4A0D}.Debug|Any CPU.Build.0 = Debug|Any CPU
		{AC921645-45A9-4966-A5F5-2E45C20D4A0D}.Release|Any CPU.ActiveCfg = Release|Any CPU
		{AC921645-45A9-4966-A5F5-2E45C20D4A0D}.Release|Any CPU.Build.0 = Release|Any CPU
		{2B956636-235C-49CF-B9DA-31F361215D76}.Debug|Any CPU.ActiveCfg = Debug|Any CPU
		{2B956636-235C-49CF-B9DA-31F361215D76}.Debug|Any CPU.Build.0 = Debug|Any CPU
		{2B956636-235C-49CF-B9DA-31F361215D76}.Release|Any CPU.ActiveCfg = Release|Any CPU
		{2B956636-235C-49CF-B9DA-31F361215D76}.Release|Any CPU.Build.0 = Release|Any CPU
		{92F2AADE-6465-4DBC-8B21-F8E711F82656}.Debug|Any CPU.ActiveCfg = Debug|Any CPU
		{92F2AADE-6465-4DBC-8B21-F8E711F82656}.Debug|Any CPU.Build.0 = Debug|Any CPU
		{92F2AADE-6465-4DBC-8B21-F8E711F82656}.Release|Any CPU.ActiveCfg = Release|Any CPU
		{92F2AADE-6465-4DBC-8B21-F8E711F82656}.Release|Any CPU.Build.0 = Release|Any CPU
		{190CDF4E-A86D-4F51-9414-4EB0C666AF5D}.Debug|Any CPU.ActiveCfg = Debug|Any CPU
		{190CDF4E-A86D-4F51-9414-4EB0C666AF5D}.Debug|Any CPU.Build.0 = Debug|Any CPU
		{190CDF4E-A86D-4F51-9414-4EB0C666AF5D}.Release|Any CPU.ActiveCfg = Release|Any CPU
		{190CDF4E-A86D-4F51-9414-4EB0C666AF5D}.Release|Any CPU.Build.0 = Release|Any CPU

		{9FF73D70-35E3-4A4D-9DE5-045E695471E5}.Debug|Any CPU.ActiveCfg = Debug|Any CPU
		{9FF73D70-35E3-4A4D-9DE5-045E695471E5}.Debug|Any CPU.Build.0 = Debug|Any CPU
		{9FF73D70-35E3-4A4D-9DE5-045E695471E5}.Release|Any CPU.ActiveCfg = Release|Any CPU
		{9FF73D70-35E3-4A4D-9DE5-045E695471E5}.Release|Any CPU.Build.0 = Release|Any CPU
		{E7AD060C-F170-4176-8025-B41A5C14816F}.Debug|Any CPU.ActiveCfg = Debug|Any CPU
		{E7AD060C-F170-4176-8025-B41A5C14816F}.Debug|Any CPU.Build.0 = Debug|Any CPU
		{E7AD060C-F170-4176-8025-B41A5C14816F}.Release|Any CPU.ActiveCfg = Release|Any CPU
		{E7AD060C-F170-4176-8025-B41A5C14816F}.Release|Any CPU.Build.0 = Release|Any CPU

		{329BD3CD-DBC9-44AF-A15F-4083263035DD}.Debug|Any CPU.ActiveCfg = Debug|Any CPU
		{329BD3CD-DBC9-44AF-A15F-4083263035DD}.Debug|Any CPU.Build.0 = Debug|Any CPU
		{329BD3CD-DBC9-44AF-A15F-4083263035DD}.Release|Any CPU.ActiveCfg = Release|Any CPU
		{329BD3CD-DBC9-44AF-A15F-4083263035DD}.Release|Any CPU.Build.0 = Release|Any CPU
		{B002B8A0-16FA-44B2-A860-B7E11C1BA45B}.Debug|Any CPU.ActiveCfg = Debug|Any CPU
		{B002B8A0-16FA-44B2-A860-B7E11C1BA45B}.Debug|Any CPU.Build.0 = Debug|Any CPU
		{B002B8A0-16FA-44B2-A860-B7E11C1BA45B}.Release|Any CPU.ActiveCfg = Release|Any CPU
		{B002B8A0-16FA-44B2-A860-B7E11C1BA45B}.Release|Any CPU.Build.0 = Release|Any CPU

	EndGlobalSection
	GlobalSection(SolutionProperties) = preSolution
		HideSolutionNode = FALSE
	EndGlobalSection
	GlobalSection(NestedProjects) = preSolution
		{3297D8C0-336D-4FCE-9BEE-4E81CDD8DDA8} = {84210497-B9CC-4D98-A2ED-DE771E49AED5}
		{272DAC8C-38FB-43EA-A855-93D05CF28BDB} = {84210497-B9CC-4D98-A2ED-DE771E49AED5}
		{037B6540-8D1C-43CF-B70D-BEF2D716BEDE} = {B48D35C2-493C-48DE-9633-7990BC23590B}
		{4DE4B94D-5E4A-482C-AEA9-86ED67243596} = {B48D35C2-493C-48DE-9633-7990BC23590B}
		{F85B608F-1AF4-4CB1-9549-8896994AEEAE} = {989C0FB8-E5E8-4518-B844-5E8FAD3372D6}
		{2C1C8C24-561A-4653-B265-F803DD7A8EF2} = {989C0FB8-E5E8-4518-B844-5E8FAD3372D6}
		{94C28924-62A4-477F-838F-6798209CBA93} = {896F770C-6E67-4E44-9113-FDF7A7F38439}
		{9B0FB5B7-EDDE-458B-9CB4-54530E4AB6CE} = {896F770C-6E67-4E44-9113-FDF7A7F38439}
		{AC921645-45A9-4966-A5F5-2E45C20D4A0D} = {DA7B6C12-E2E3-4955-A876-FB39EB8DBF5F}
		{2B956636-235C-49CF-B9DA-31F361215D76} = {DA7B6C12-E2E3-4955-A876-FB39EB8DBF5F}
		{92F2AADE-6465-4DBC-8B21-F8E711F82656} = {DFD30C76-0FCD-4827-A8C0-B9127C9FFC17}
		{190CDF4E-A86D-4F51-9414-4EB0C666AF5D} = {DFD30C76-0FCD-4827-A8C0-B9127C9FFC17}

		{9FF73D70-35E3-4A4D-9DE5-045E695471E5} = {06379F80-E607-4C50-A865-12AB28F10735}
		{E7AD060C-F170-4176-8025-B41A5C14816F} = {06379F80-E607-4C50-A865-12AB28F10735}

		{329BD3CD-DBC9-44AF-A15F-4083263035DD} = {0EDE4EBE-0248-4428-9080-42BAA25AE6EE}
		{B002B8A0-16FA-44B2-A860-B7E11C1BA45B} = {0EDE4EBE-0248-4428-9080-42BAA25AE6EE}

	EndGlobalSection
	GlobalSection(ExtensibilityGlobals) = postSolution
		SolutionGuid = {571DA0C6-A6F1-4CBE-AD30-58EBE49CD9DD}
	EndGlobalSection
EndGlobal
